
Microsoft Visual Studio Solution File, Format Version 12.00
# Visual Studio Version 17
VisualStudioVersion = 17.2.32616.157
MinimumVisualStudioVersion = 10.0.40219.1
Project("{9A19103F-16F7-4668-BE54-9A1E7A4F7556}") = "Models", "Models\Models.csproj", "{9B2375D6-BB60-47CA-B82F-621646387E28}"
EndProject
Project("{9A19103F-16F7-4668-BE54-9A1E7A4F7556}") = "DataAccess", "DataAccess\DataAccess.csproj", "{40F5E084-AAA6-4734-B2F6-28CE37193E53}"
EndProject
Project("{9A19103F-16F7-4668-BE54-9A1E7A4F7556}") = "Services", "Services\Services.csproj", "{A058CEDC-90F3-4C62-8D44-9760B617E093}"
EndProject
Project("{9A19103F-16F7-4668-BE54-9A1E7A4F7556}") = "WebAPI", "WebAPI\WebAPI.csproj", "{E1525392-F774-404A-956A-0BA25F46250B}"
EndProject
Global
	GlobalSection(SolutionConfigurationPlatforms) = preSolution
		Debug|Any CPU = Debug|Any CPU
		Release|Any CPU = Release|Any CPU
	EndGlobalSection
	GlobalSection(ProjectConfigurationPlatforms) = postSolution
		{9B2375D6-BB60-47CA-B82F-621646387E28}.Debug|Any CPU.ActiveCfg = Debug|Any CPU
		{9B2375D6-BB60-47CA-B82F-621646387E28}.Debug|Any CPU.Build.0 = Debug|Any CPU
		{9B2375D6-BB60-47CA-B82F-621646387E28}.Release|Any CPU.ActiveCfg = Release|Any CPU
		{9B2375D6-BB60-47CA-B82F-621646387E28}.Release|Any CPU.Build.0 = Release|Any CPU
		{40F5E084-AAA6-4734-B2F6-28CE37193E53}.Debug|Any CPU.ActiveCfg = Debug|Any CPU
		{40F5E084-AAA6-4734-B2F6-28CE37193E53}.Debug|Any CPU.Build.0 = Debug|Any CPU
		{40F5E084-AAA6-4734-B2F6-28CE37193E53}.Release|Any CPU.ActiveCfg = Release|Any CPU
		{40F5E084-AAA6-4734-B2F6-28CE37193E53}.Release|Any CPU.Build.0 = Release|Any CPU
		{A058CEDC-90F3-4C62-8D44-9760B617E093}.Debug|Any CPU.ActiveCfg = Debug|Any CPU
		{A058CEDC-90F3-4C62-8D44-9760B617E093}.Debug|Any CPU.Build.0 = Debug|Any CPU
		{A058CEDC-90F3-4C62-8D44-9760B617E093}.Release|Any CPU.ActiveCfg = Release|Any CPU
		{A058CEDC-90F3-4C62-8D44-9760B617E093}.Release|Any CPU.Build.0 = Release|Any CPU
		{E1525392-F774-404A-956A-0BA25F46250B}.Debug|Any CPU.ActiveCfg = Debug|Any CPU
		{E1525392-F774-404A-956A-0BA25F46250B}.Debug|Any CPU.Build.0 = Debug|Any CPU
		{E1525392-F774-404A-956A-0BA25F46250B}.Release|Any CPU.ActiveCfg = Release|Any CPU
		{E1525392-F774-404A-956A-0BA25F46250B}.Release|Any CPU.Build.0 = Release|Any CPU
	EndGlobalSection
	GlobalSection(SolutionProperties) = preSolution
		HideSolutionNode = FALSE
	EndGlobalSection
	GlobalSection(ExtensibilityGlobals) = postSolution
		SolutionGuid = {1AF3611D-86C0-418D-88D7-D524379E14EC}
	EndGlobalSection
EndGlobal
